
Microsoft Visual Studio Solution File, Format Version 12.00
# Visual Studio Version 16
VisualStudioVersion = 16.0.29613.14
MinimumVisualStudioVersion = 10.0.40219.1
Project("{FAE04EC0-301F-11D3-BF4B-00C04F79EFBC}") = "FernandaChipotle", "FernandaChipotle\FernandaChipotle.csproj", "{503769E3-DC92-47D9-BA9B-BE3F05623847}"
EndProject
Global
	GlobalSection(SolutionConfigurationPlatforms) = preSolution
		Debug|Any CPU = Debug|Any CPU
		Release|Any CPU = Release|Any CPU
	EndGlobalSection
	GlobalSection(ProjectConfigurationPlatforms) = postSolution
		{503769E3-DC92-47D9-BA9B-BE3F05623847}.Debug|Any CPU.ActiveCfg = Debug|Any CPU
		{503769E3-DC92-47D9-BA9B-BE3F05623847}.Debug|Any CPU.Build.0 = Debug|Any CPU
		{503769E3-DC92-47D9-BA9B-BE3F05623847}.Release|Any CPU.ActiveCfg = Release|Any CPU
		{503769E3-DC92-47D9-BA9B-BE3F05623847}.Release|Any CPU.Build.0 = Release|Any CPU
	EndGlobalSection
	GlobalSection(SolutionProperties) = preSolution
		HideSolutionNode = FALSE
	EndGlobalSection
	GlobalSection(ExtensibilityGlobals) = postSolution
		SolutionGuid = {21FE23ED-9E78-4637-8190-AB51A22D2D09}
	EndGlobalSection
EndGlobal
